<Solution>
  <Project Path="WebApplication_Project1_Ecommerce.DataAccess/WebApplication_Project1_Ecommerce.DataAccess.csproj" />
  <Project Path="WebApplication_Project1_Ecommerce.Models/WebApplication_Project1_Ecommerce.Models.csproj" />
  <Project Path="WebApplication_Project1_Ecommerce.Utility/WebApplication_Project1_Ecommerce.Utility.csproj" />
  <Project Path="WebApplication_Project1_Ecommerce/WebApplication_Project1_Ecommerce.csproj" />
</Solution>
